
Microsoft Visual Studio Solution File, Format Version 12.00
# Visual Studio 15
VisualStudioVersion = 15.0.28307.902
MinimumVisualStudioVersion = 10.0.40219.1
Project("{2150E333-8FDC-42A3-9474-1A3956D46DE8}") = "src", "src", "{E8B3A9AE-C257-4C04-B401-F1D753CF71A3}"
EndProject
Project("{2150E333-8FDC-42A3-9474-1A3956D46DE8}") = "Api", "Api", "{89323712-0286-4733-999C-8776B312BDE5}"
EndProject
Project("{9A19103F-16F7-4668-BE54-9A1E7A4F7556}") = "TesteTailorIT.Api", "src\Api\TesteTailorIT.Api\TesteTailorIT.Api.csproj", "{C1A11DF9-D7F7-48F3-9635-0B3C538F216F}"
EndProject
Project("{2150E333-8FDC-42A3-9474-1A3956D46DE8}") = "Tests", "Tests", "{5E5E5CE6-7C24-43DB-A936-04AABB1F25CF}"
EndProject
Project("{2150E333-8FDC-42A3-9474-1A3956D46DE8}") = "Application", "Application", "{9D1925FB-A6D7-495F-B0E9-E6267297D6F1}"
EndProject
Project("{2150E333-8FDC-42A3-9474-1A3956D46DE8}") = "Infra", "Infra", "{4DBE2E50-94C1-4AA8-86C0-F38858437E62}"
EndProject
Project("{2150E333-8FDC-42A3-9474-1A3956D46DE8}") = "Domain", "Domain", "{EB2D87B7-9D0E-472E-A4CE-D8C690003474}"
EndProject
Project("{9A19103F-16F7-4668-BE54-9A1E7A4F7556}") = "TesteTailorIT.Test", "src\Test\TesteTailorIT.Test\TesteTailorIT.Test.csproj", "{825F82E5-4E14-4CBA-A4BB-D5CC3CEB1A6E}"
EndProject
Project("{9A19103F-16F7-4668-BE54-9A1E7A4F7556}") = "TesteTailorIT.Application", "src\Application\TesteTailorIT.Application\TesteTailorIT.Application.csproj", "{3FECA438-20DD-4B8B-958A-3D52CAEF853A}"
EndProject
Project("{9A19103F-16F7-4668-BE54-9A1E7A4F7556}") = "TesteTailorIT.Domain", "src\Domain\TesteTailorIT.Domain\TesteTailorIT.Domain.csproj", "{56E1079B-8CBE-4A1E-8086-35BC3C0756A9}"
EndProject
Project("{9A19103F-16F7-4668-BE54-9A1E7A4F7556}") = "TesteTailorIT.Infra.CrossCutting", "src\Infra\TesteTailorIT.Infra.CrossCutting\TesteTailorIT.Infra.CrossCutting.csproj", "{6836733B-95DF-4117-90C5-EE6D6394B47A}"
EndProject
Project("{9A19103F-16F7-4668-BE54-9A1E7A4F7556}") = "TesteTailorIT.Infra.Data", "src\Infra\TesteTailorIT.Infra.Data\TesteTailorIT.Infra.Data.csproj", "{BA992966-46EA-4198-87EA-486F879C85FA}"
EndProject
Project("{9A19103F-16F7-4668-BE54-9A1E7A4F7556}") = "TesteTailorIT.Infra.Data.Migrations", "src\Infra\TesteTailorIT.Infra.Data.Migrations\TesteTailorIT.Infra.Data.Migrations.csproj", "{ECDEAB9C-5F94-45F9-AF93-E06F03737411}"
EndProject
Global
	GlobalSection(SolutionConfigurationPlatforms) = preSolution
		Debug|Any CPU = Debug|Any CPU
		Release|Any CPU = Release|Any CPU
	EndGlobalSection
	GlobalSection(ProjectConfigurationPlatforms) = postSolution
		{C1A11DF9-D7F7-48F3-9635-0B3C538F216F}.Debug|Any CPU.ActiveCfg = Debug|Any CPU
		{C1A11DF9-D7F7-48F3-9635-0B3C538F216F}.Debug|Any CPU.Build.0 = Debug|Any CPU
		{C1A11DF9-D7F7-48F3-9635-0B3C538F216F}.Release|Any CPU.ActiveCfg = Release|Any CPU
		{C1A11DF9-D7F7-48F3-9635-0B3C538F216F}.Release|Any CPU.Build.0 = Release|Any CPU
		{825F82E5-4E14-4CBA-A4BB-D5CC3CEB1A6E}.Debug|Any CPU.ActiveCfg = Debug|Any CPU
		{825F82E5-4E14-4CBA-A4BB-D5CC3CEB1A6E}.Debug|Any CPU.Build.0 = Debug|Any CPU
		{825F82E5-4E14-4CBA-A4BB-D5CC3CEB1A6E}.Release|Any CPU.ActiveCfg = Release|Any CPU
		{825F82E5-4E14-4CBA-A4BB-D5CC3CEB1A6E}.Release|Any CPU.Build.0 = Release|Any CPU
		{3FECA438-20DD-4B8B-958A-3D52CAEF853A}.Debug|Any CPU.ActiveCfg = Debug|Any CPU
		{3FECA438-20DD-4B8B-958A-3D52CAEF853A}.Debug|Any CPU.Build.0 = Debug|Any CPU
		{3FECA438-20DD-4B8B-958A-3D52CAEF853A}.Release|Any CPU.ActiveCfg = Release|Any CPU
		{3FECA438-20DD-4B8B-958A-3D52CAEF853A}.Release|Any CPU.Build.0 = Release|Any CPU
		{56E1079B-8CBE-4A1E-8086-35BC3C0756A9}.Debug|Any CPU.ActiveCfg = Debug|Any CPU
		{56E1079B-8CBE-4A1E-8086-35BC3C0756A9}.Debug|Any CPU.Build.0 = Debug|Any CPU
		{56E1079B-8CBE-4A1E-8086-35BC3C0756A9}.Release|Any CPU.ActiveCfg = Release|Any CPU
		{56E1079B-8CBE-4A1E-8086-35BC3C0756A9}.Release|Any CPU.Build.0 = Release|Any CPU
		{6836733B-95DF-4117-90C5-EE6D6394B47A}.Debug|Any CPU.ActiveCfg = Debug|Any CPU
		{6836733B-95DF-4117-90C5-EE6D6394B47A}.Debug|Any CPU.Build.0 = Debug|Any CPU
		{6836733B-95DF-4117-90C5-EE6D6394B47A}.Release|Any CPU.ActiveCfg = Release|Any CPU
		{6836733B-95DF-4117-90C5-EE6D6394B47A}.Release|Any CPU.Build.0 = Release|Any CPU
		{BA992966-46EA-4198-87EA-486F879C85FA}.Debug|Any CPU.ActiveCfg = Debug|Any CPU
		{BA992966-46EA-4198-87EA-486F879C85FA}.Debug|Any CPU.Build.0 = Debug|Any CPU
		{BA992966-46EA-4198-87EA-486F879C85FA}.Release|Any CPU.ActiveCfg = Release|Any CPU
		{BA992966-46EA-4198-87EA-486F879C85FA}.Release|Any CPU.Build.0 = Release|Any CPU
		{ECDEAB9C-5F94-45F9-AF93-E06F03737411}.Debug|Any CPU.ActiveCfg = Debug|Any CPU
		{ECDEAB9C-5F94-45F9-AF93-E06F03737411}.Debug|Any CPU.Build.0 = Debug|Any CPU
		{ECDEAB9C-5F94-45F9-AF93-E06F03737411}.Release|Any CPU.ActiveCfg = Release|Any CPU
		{ECDEAB9C-5F94-45F9-AF93-E06F03737411}.Release|Any CPU.Build.0 = Release|Any CPU
	EndGlobalSection
	GlobalSection(SolutionProperties) = preSolution
		HideSolutionNode = FALSE
	EndGlobalSection
	GlobalSection(NestedProjects) = preSolution
		{89323712-0286-4733-999C-8776B312BDE5} = {E8B3A9AE-C257-4C04-B401-F1D753CF71A3}
		{C1A11DF9-D7F7-48F3-9635-0B3C538F216F} = {89323712-0286-4733-999C-8776B312BDE5}
		{5E5E5CE6-7C24-43DB-A936-04AABB1F25CF} = {E8B3A9AE-C257-4C04-B401-F1D753CF71A3}
		{9D1925FB-A6D7-495F-B0E9-E6267297D6F1} = {E8B3A9AE-C257-4C04-B401-F1D753CF71A3}
		{4DBE2E50-94C1-4AA8-86C0-F38858437E62} = {E8B3A9AE-C257-4C04-B401-F1D753CF71A3}
		{EB2D87B7-9D0E-472E-A4CE-D8C690003474} = {E8B3A9AE-C257-4C04-B401-F1D753CF71A3}
		{825F82E5-4E14-4CBA-A4BB-D5CC3CEB1A6E} = {5E5E5CE6-7C24-43DB-A936-04AABB1F25CF}
		{3FECA438-20DD-4B8B-958A-3D52CAEF853A} = {9D1925FB-A6D7-495F-B0E9-E6267297D6F1}
		{56E1079B-8CBE-4A1E-8086-35BC3C0756A9} = {EB2D87B7-9D0E-472E-A4CE-D8C690003474}
		{6836733B-95DF-4117-90C5-EE6D6394B47A} = {4DBE2E50-94C1-4AA8-86C0-F38858437E62}
		{BA992966-46EA-4198-87EA-486F879C85FA} = {4DBE2E50-94C1-4AA8-86C0-F38858437E62}
		{ECDEAB9C-5F94-45F9-AF93-E06F03737411} = {4DBE2E50-94C1-4AA8-86C0-F38858437E62}
	EndGlobalSection
	GlobalSection(ExtensibilityGlobals) = postSolution
		SolutionGuid = {177B9616-D794-4A57-AC6F-737E3B1DA8CD}
	EndGlobalSection
EndGlobal
